<?xml version="1.0" encoding="UTF-8" standalone="yes" ?>
<CodeBlocks_project_file>
	<FileVersion major="1" minor="6" />
	<Project>
		<Option title="socidriver_mysql" />
		<Option pch_mode="2" />
		<Option compiler="gcc" />
		<Build>
			<Target title="Debug">
				<Option output="../bin/Debug/libsociplus_mysql_driver" prefix_auto="1" extension_auto="1" />
				<Option object_output="../obj/Debug/" />
				<Option type="3" />
				<Option compiler="gcc" />
				<Option createDefFile="1" />
				<Option createStaticLib="1" />
				<Compiler>
					<Add option="-Wall" />
					<Add option="-g" />
					<Add option="-DBUILD_DLL" />
				</Compiler>
				<Linker>
					<Add library="user32" />
					<Add library="..\bin\Debug\libsociplus.a" />
					<Add library="..\mysql\MariaDB C Client Library\lib\debug\libmariadb.lib" />
				</Linker>
			</Target>
			<Target title="Release">
				<Option output="../bin/Release/libsociplus_mysql_driver" prefix_auto="1" extension_auto="1" />
				<Option object_output="../obj/Release/" />
				<Option type="3" />
				<Option compiler="gcc" />
				<Option createDefFile="1" />
				<Option createStaticLib="1" />
				<Compiler>
					<Add option="-O2" />
					<Add option="-Wall" />
					<Add option="-DBUILD_DLL" />
				</Compiler>
				<Linker>
					<Add option="-s" />
					<Add library="user32" />
					<Add library="..\bin\Debug\libsociplus.a" />
					<Add library="..\mysql\MariaDB C Client Library\lib\libmariadb.lib" />
				</Linker>
			</Target>
		</Build>
		<Compiler>
			<Add directory="../soci/src/core" />
			<Add directory="../mysql/MariaDB C Client Library/include" />
		</Compiler>
		<Unit filename="../soci/src/backends/mysql/blob.cpp" />
		<Unit filename="../soci/src/backends/mysql/common.cpp" />
		<Unit filename="../soci/src/backends/mysql/common.h" />
		<Unit filename="../soci/src/backends/mysql/factory.cpp" />
		<Unit filename="../soci/src/backends/mysql/row-id.cpp" />
		<Unit filename="../soci/src/backends/mysql/session.cpp" />
		<Unit filename="../soci/src/backends/mysql/soci-mysql.h" />
		<Unit filename="../soci/src/backends/mysql/standard-into-type.cpp" />
		<Unit filename="../soci/src/backends/mysql/standard-use-type.cpp" />
		<Unit filename="../soci/src/backends/mysql/statement.cpp" />
		<Unit filename="../soci/src/backends/mysql/vector-into-type.cpp" />
		<Unit filename="../soci/src/backends/mysql/vector-use-type.cpp" />
		<Extensions>
			<code_completion />
			<envvars />
			<debugger />
			<lib_finder disable_auto="1" />
		</Extensions>
	</Project>
</CodeBlocks_project_file>
